{
  "name": "parent",
  "version": "1.0.0",
  "lockfileVersion": 2,
  "requires": true,
  "packages": {
    "": {
      "name": "parent",
      "version": "1.0.0",
      "license": "ISC",
      "workspaces": [
        "./children2/*"
      ]
    },
    "children2/children21": {
      "version": "1.0.0",
      "license": "ISC"
    },
    "node_modules/children21": {
      "resolved": "children2/children21",
      "link": true
    }
  },
  "dependencies": {
    "children21": {
      "version": "file:children2/children21"
    }
  }
}
